
Microsoft Visual Studio Solution File, Format Version 12.00
# Visual Studio 14
VisualStudioVersion = 14.0.24720.0
MinimumVisualStudioVersion = 10.0.40219.1
Project("{FAE04EC0-301F-11D3-BF4B-00C04F79EFBC}") = "Examples", "Examples\Examples.csproj", "{6110FEB5-9655-432D-81DC-727E20669149}"
EndProject
Project("{FAE04EC0-301F-11D3-BF4B-00C04F79EFBC}") = "ExamplesTests", "ExamplesTests\ExamplesTests.csproj", "{836785A4-8C85-456E-9C5A-DEF8B20074A9}"
EndProject
Project("{FAE04EC0-301F-11D3-BF4B-00C04F79EFBC}") = "NewExampleProject", "NewExampleProject\NewExampleProject.csproj", "{6584D0A8-D0D6-47C8-A814-A88315A0A98B}"
EndProject
Project("{FAE04EC0-301F-11D3-BF4B-00C04F79EFBC}") = "ConvertFromRomanNumber", "ConvertFromRomanNumber\ConvertFromRomanNumber.csproj", "{D39001F2-CF53-4C1A-AEFE-A8089C7989A3}"
EndProject
Project("{FAE04EC0-301F-11D3-BF4B-00C04F79EFBC}") = "ConvertToRomanNumber", "ConvertToRomanNumber\ConvertToRomanNumber.csproj", "{E0BD6931-223B-43CC-BE18-59656D1BB31E}"
EndProject
Global
	GlobalSection(SolutionConfigurationPlatforms) = preSolution
		Debug|Any CPU = Debug|Any CPU
		Release|Any CPU = Release|Any CPU
	EndGlobalSection
	GlobalSection(ProjectConfigurationPlatforms) = postSolution
		{6110FEB5-9655-432D-81DC-727E20669149}.Debug|Any CPU.ActiveCfg = Debug|Any CPU
		{6110FEB5-9655-432D-81DC-727E20669149}.Debug|Any CPU.Build.0 = Debug|Any CPU
		{6110FEB5-9655-432D-81DC-727E20669149}.Release|Any CPU.ActiveCfg = Release|Any CPU
		{6110FEB5-9655-432D-81DC-727E20669149}.Release|Any CPU.Build.0 = Release|Any CPU
		{836785A4-8C85-456E-9C5A-DEF8B20074A9}.Debug|Any CPU.ActiveCfg = Debug|Any CPU
		{836785A4-8C85-456E-9C5A-DEF8B20074A9}.Debug|Any CPU.Build.0 = Debug|Any CPU
		{836785A4-8C85-456E-9C5A-DEF8B20074A9}.Release|Any CPU.ActiveCfg = Release|Any CPU
		{836785A4-8C85-456E-9C5A-DEF8B20074A9}.Release|Any CPU.Build.0 = Release|Any CPU
		{6584D0A8-D0D6-47C8-A814-A88315A0A98B}.Debug|Any CPU.ActiveCfg = Debug|Any CPU
		{6584D0A8-D0D6-47C8-A814-A88315A0A98B}.Debug|Any CPU.Build.0 = Debug|Any CPU
		{6584D0A8-D0D6-47C8-A814-A88315A0A98B}.Release|Any CPU.ActiveCfg = Release|Any CPU
		{6584D0A8-D0D6-47C8-A814-A88315A0A98B}.Release|Any CPU.Build.0 = Release|Any CPU
		{D39001F2-CF53-4C1A-AEFE-A8089C7989A3}.Debug|Any CPU.ActiveCfg = Debug|Any CPU
		{D39001F2-CF53-4C1A-AEFE-A8089C7989A3}.Debug|Any CPU.Build.0 = Debug|Any CPU
		{D39001F2-CF53-4C1A-AEFE-A8089C7989A3}.Release|Any CPU.ActiveCfg = Release|Any CPU
		{D39001F2-CF53-4C1A-AEFE-A8089C7989A3}.Release|Any CPU.Build.0 = Release|Any CPU
		{E0BD6931-223B-43CC-BE18-59656D1BB31E}.Debug|Any CPU.ActiveCfg = Debug|Any CPU
		{E0BD6931-223B-43CC-BE18-59656D1BB31E}.Debug|Any CPU.Build.0 = Debug|Any CPU
		{E0BD6931-223B-43CC-BE18-59656D1BB31E}.Release|Any CPU.ActiveCfg = Release|Any CPU
		{E0BD6931-223B-43CC-BE18-59656D1BB31E}.Release|Any CPU.Build.0 = Release|Any CPU
	EndGlobalSection
	GlobalSection(SolutionProperties) = preSolution
		HideSolutionNode = FALSE
	EndGlobalSection
EndGlobal
